
Microsoft Visual Studio Solution File, Format Version 12.00
# Visual Studio Version 17
VisualStudioVersion = 17.0.31903.59
MinimumVisualStudioVersion = 10.0.40219.1
Project("{9A19103F-16F7-4668-BE54-9A1E7A4F7556}") = "FourMinator", "FourMinator\FourMinator.csproj", "{28E8E9DD-B959-4834-9060-A719F308236A}"
EndProject
Project("{9A19103F-16F7-4668-BE54-9A1E7A4F7556}") = "FourMinator.Auth", "FourMinator.Auth\FourMinator.Auth.csproj", "{EE30B632-1F54-4739-AFA8-F9743EE0C63C}"
EndProject
Project("{9A19103F-16F7-4668-BE54-9A1E7A4F7556}") = "FourMinator.Auth.UnitTests", "FourMinator.Auth.UnitTests\FourMinator.Auth.UnitTests.csproj", "{3D22D8A7-2A83-4FA8-B2A6-7033D63BB367}"
EndProject
Project("{FAE04EC0-301F-11D3-BF4B-00C04F79EFBC}") = "FourMinator.Game", "FourMinator.Game\FourMinator.Game.csproj", "{9CC27B9B-3ADA-4CCE-8940-8AA5B98AF678}"
EndProject
Project("{FAE04EC0-301F-11D3-BF4B-00C04F79EFBC}") = "FourMinator.Robot", "FourMinator.Robot\FourMinator.Robot.csproj", "{A29E8480-5BE7-4736-A58E-3B2C0120E8CD}"
EndProject
Project("{FAE04EC0-301F-11D3-BF4B-00C04F79EFBC}") = "Fourminator.Persistence", "Fourminator.Persistence\Fourminator.Persistence.csproj", "{236106F0-83AD-4584-AA1D-D6039551848A}"
EndProject
Global
	GlobalSection(SolutionConfigurationPlatforms) = preSolution
		Debug|Any CPU = Debug|Any CPU
		Release|Any CPU = Release|Any CPU
	EndGlobalSection
	GlobalSection(ProjectConfigurationPlatforms) = postSolution
		{28E8E9DD-B959-4834-9060-A719F308236A}.Debug|Any CPU.ActiveCfg = Debug|Any CPU
		{28E8E9DD-B959-4834-9060-A719F308236A}.Debug|Any CPU.Build.0 = Debug|Any CPU
		{28E8E9DD-B959-4834-9060-A719F308236A}.Release|Any CPU.ActiveCfg = Release|Any CPU
		{28E8E9DD-B959-4834-9060-A719F308236A}.Release|Any CPU.Build.0 = Release|Any CPU
		{EE30B632-1F54-4739-AFA8-F9743EE0C63C}.Debug|Any CPU.ActiveCfg = Debug|Any CPU
		{EE30B632-1F54-4739-AFA8-F9743EE0C63C}.Debug|Any CPU.Build.0 = Debug|Any CPU
		{EE30B632-1F54-4739-AFA8-F9743EE0C63C}.Release|Any CPU.ActiveCfg = Release|Any CPU
		{EE30B632-1F54-4739-AFA8-F9743EE0C63C}.Release|Any CPU.Build.0 = Release|Any CPU
		{3D22D8A7-2A83-4FA8-B2A6-7033D63BB367}.Debug|Any CPU.ActiveCfg = Debug|Any CPU
		{3D22D8A7-2A83-4FA8-B2A6-7033D63BB367}.Debug|Any CPU.Build.0 = Debug|Any CPU
		{3D22D8A7-2A83-4FA8-B2A6-7033D63BB367}.Release|Any CPU.ActiveCfg = Release|Any CPU
		{3D22D8A7-2A83-4FA8-B2A6-7033D63BB367}.Release|Any CPU.Build.0 = Release|Any CPU
		{9CC27B9B-3ADA-4CCE-8940-8AA5B98AF678}.Debug|Any CPU.ActiveCfg = Debug|Any CPU
		{9CC27B9B-3ADA-4CCE-8940-8AA5B98AF678}.Debug|Any CPU.Build.0 = Debug|Any CPU
		{9CC27B9B-3ADA-4CCE-8940-8AA5B98AF678}.Release|Any CPU.ActiveCfg = Release|Any CPU
		{9CC27B9B-3ADA-4CCE-8940-8AA5B98AF678}.Release|Any CPU.Build.0 = Release|Any CPU
		{A29E8480-5BE7-4736-A58E-3B2C0120E8CD}.Debug|Any CPU.ActiveCfg = Debug|Any CPU
		{A29E8480-5BE7-4736-A58E-3B2C0120E8CD}.Debug|Any CPU.Build.0 = Debug|Any CPU
		{A29E8480-5BE7-4736-A58E-3B2C0120E8CD}.Release|Any CPU.ActiveCfg = Release|Any CPU
		{A29E8480-5BE7-4736-A58E-3B2C0120E8CD}.Release|Any CPU.Build.0 = Release|Any CPU
		{236106F0-83AD-4584-AA1D-D6039551848A}.Debug|Any CPU.ActiveCfg = Debug|Any CPU
		{236106F0-83AD-4584-AA1D-D6039551848A}.Debug|Any CPU.Build.0 = Debug|Any CPU
		{236106F0-83AD-4584-AA1D-D6039551848A}.Release|Any CPU.ActiveCfg = Release|Any CPU
		{236106F0-83AD-4584-AA1D-D6039551848A}.Release|Any CPU.Build.0 = Release|Any CPU
	EndGlobalSection
	GlobalSection(SolutionProperties) = preSolution
		HideSolutionNode = FALSE
	EndGlobalSection
	GlobalSection(ExtensibilityGlobals) = postSolution
		SolutionGuid = {DE3AB9E8-8543-40EB-B951-56698957A7CD}
	EndGlobalSection
EndGlobal
